
Microsoft Visual Studio Solution File, Format Version 10.00
# Visual Studio 2008
Project("{FAE04EC0-301F-11D3-BF4B-00C04F79EFBC}") = "AsyncWebService", "AsyncWebService\AsyncWebService.csproj", "{871973BD-B624-478B-A7F3-66F2206EA477}"
EndProject
Project("{FAE04EC0-301F-11D3-BF4B-00C04F79EFBC}") = "WebApplication", "WebApplication\WebApplication.csproj", "{7B17E0FE-0430-415A-8121-CF641CCFF9B0}"
EndProject
Global
	GlobalSection(SolutionConfigurationPlatforms) = preSolution
		Debug|Any CPU = Debug|Any CPU
		Release|Any CPU = Release|Any CPU
	EndGlobalSection
	GlobalSection(ProjectConfigurationPlatforms) = postSolution
		{871973BD-B624-478B-A7F3-66F2206EA477}.Debug|Any CPU.ActiveCfg = Debug|Any CPU
		{871973BD-B624-478B-A7F3-66F2206EA477}.Debug|Any CPU.Build.0 = Debug|Any CPU
		{871973BD-B624-478B-A7F3-66F2206EA477}.Release|Any CPU.ActiveCfg = Release|Any CPU
		{871973BD-B624-478B-A7F3-66F2206EA477}.Release|Any CPU.Build.0 = Release|Any CPU
		{7B17E0FE-0430-415A-8121-CF641CCFF9B0}.Debug|Any CPU.ActiveCfg = Debug|Any CPU
		{7B17E0FE-0430-415A-8121-CF641CCFF9B0}.Debug|Any CPU.Build.0 = Debug|Any CPU
		{7B17E0FE-0430-415A-8121-CF641CCFF9B0}.Release|Any CPU.ActiveCfg = Release|Any CPU
		{7B17E0FE-0430-415A-8121-CF641CCFF9B0}.Release|Any CPU.Build.0 = Release|Any CPU
	EndGlobalSection
	GlobalSection(SolutionProperties) = preSolution
		HideSolutionNode = FALSE
	EndGlobalSection
EndGlobal
